
Microsoft Visual Studio Solution File, Format Version 12.00
# Visual Studio 15
VisualStudioVersion = 15.0.28307.779
MinimumVisualStudioVersion = 10.0.40219.1
Project("{8BC9CEB8-8B4A-11D0-8D11-00A0C91BC942}") = "Scan", "Scan\Scan.vcxproj", "{242E25CA-A2B4-44CF-A034-E8454D91D0C6}"
EndProject
Project("{8BC9CEB8-8B4A-11D0-8D11-00A0C91BC942}") = "ScanTest", "ScanTest\ScanTest.vcxproj", "{F1A4C1D8-68D7-458E-AF30-4047E1098144}"
EndProject
Project("{8BC9CEB8-8B4A-11D0-8D11-00A0C91BC942}") = "HP5", "HP5\HP5.vcxproj", "{2B195CFC-3445-4A81-91DC-919FCC7AF81F}"
EndProject
Project("{8BC9CEB8-8B4A-11D0-8D11-00A0C91BC942}") = "HP5Test", "HP5Test\HP5Test.vcxproj", "{6B72D2D9-56B6-41AC-9498-8301975B5E06}"
EndProject
Project("{8BC9CEB8-8B4A-11D0-8D11-00A0C91BC942}") = "MarchingCubes", "MarchingCubes\MarchingCubes.vcxproj", "{0BAAB407-C8CC-4146-AA9E-8DEBDBC4C9FF}"
EndProject
Project("{8BC9CEB8-8B4A-11D0-8D11-00A0C91BC942}") = "MarchingCubesTest", "MarchingCubesTest\MarchingCubesTest.vcxproj", "{D5E93356-5252-4A45-AAE4-1916C36BCA20}"
	ProjectSection(ProjectDependencies) = postProject
		{0BAAB407-C8CC-4146-AA9E-8DEBDBC4C9FF} = {0BAAB407-C8CC-4146-AA9E-8DEBDBC4C9FF}
	EndProjectSection
EndProject
Global
	GlobalSection(SolutionConfigurationPlatforms) = preSolution
		Debug|x64 = Debug|x64
		Debug|x86 = Debug|x86
		Release|x64 = Release|x64
		Release|x86 = Release|x86
	EndGlobalSection
	GlobalSection(ProjectConfigurationPlatforms) = postSolution
		{242E25CA-A2B4-44CF-A034-E8454D91D0C6}.Debug|x64.ActiveCfg = Debug|x64
		{242E25CA-A2B4-44CF-A034-E8454D91D0C6}.Debug|x64.Build.0 = Debug|x64
		{242E25CA-A2B4-44CF-A034-E8454D91D0C6}.Debug|x86.ActiveCfg = Debug|Win32
		{242E25CA-A2B4-44CF-A034-E8454D91D0C6}.Debug|x86.Build.0 = Debug|Win32
		{242E25CA-A2B4-44CF-A034-E8454D91D0C6}.Release|x64.ActiveCfg = Release|x64
		{242E25CA-A2B4-44CF-A034-E8454D91D0C6}.Release|x64.Build.0 = Release|x64
		{242E25CA-A2B4-44CF-A034-E8454D91D0C6}.Release|x86.ActiveCfg = Release|Win32
		{242E25CA-A2B4-44CF-A034-E8454D91D0C6}.Release|x86.Build.0 = Release|Win32
		{F1A4C1D8-68D7-458E-AF30-4047E1098144}.Debug|x64.ActiveCfg = Debug|x64
		{F1A4C1D8-68D7-458E-AF30-4047E1098144}.Debug|x64.Build.0 = Debug|x64
		{F1A4C1D8-68D7-458E-AF30-4047E1098144}.Debug|x86.ActiveCfg = Debug|Win32
		{F1A4C1D8-68D7-458E-AF30-4047E1098144}.Debug|x86.Build.0 = Debug|Win32
		{F1A4C1D8-68D7-458E-AF30-4047E1098144}.Release|x64.ActiveCfg = Release|x64
		{F1A4C1D8-68D7-458E-AF30-4047E1098144}.Release|x64.Build.0 = Release|x64
		{F1A4C1D8-68D7-458E-AF30-4047E1098144}.Release|x86.ActiveCfg = Release|Win32
		{F1A4C1D8-68D7-458E-AF30-4047E1098144}.Release|x86.Build.0 = Release|Win32
		{2B195CFC-3445-4A81-91DC-919FCC7AF81F}.Debug|x64.ActiveCfg = Debug|x64
		{2B195CFC-3445-4A81-91DC-919FCC7AF81F}.Debug|x64.Build.0 = Debug|x64
		{2B195CFC-3445-4A81-91DC-919FCC7AF81F}.Debug|x86.ActiveCfg = Debug|Win32
		{2B195CFC-3445-4A81-91DC-919FCC7AF81F}.Debug|x86.Build.0 = Debug|Win32
		{2B195CFC-3445-4A81-91DC-919FCC7AF81F}.Release|x64.ActiveCfg = Release|x64
		{2B195CFC-3445-4A81-91DC-919FCC7AF81F}.Release|x64.Build.0 = Release|x64
		{2B195CFC-3445-4A81-91DC-919FCC7AF81F}.Release|x86.ActiveCfg = Release|Win32
		{2B195CFC-3445-4A81-91DC-919FCC7AF81F}.Release|x86.Build.0 = Release|Win32
		{6B72D2D9-56B6-41AC-9498-8301975B5E06}.Debug|x64.ActiveCfg = Debug|x64
		{6B72D2D9-56B6-41AC-9498-8301975B5E06}.Debug|x64.Build.0 = Debug|x64
		{6B72D2D9-56B6-41AC-9498-8301975B5E06}.Debug|x86.ActiveCfg = Debug|Win32
		{6B72D2D9-56B6-41AC-9498-8301975B5E06}.Debug|x86.Build.0 = Debug|Win32
		{6B72D2D9-56B6-41AC-9498-8301975B5E06}.Release|x64.ActiveCfg = Release|x64
		{6B72D2D9-56B6-41AC-9498-8301975B5E06}.Release|x64.Build.0 = Release|x64
		{6B72D2D9-56B6-41AC-9498-8301975B5E06}.Release|x86.ActiveCfg = Release|Win32
		{6B72D2D9-56B6-41AC-9498-8301975B5E06}.Release|x86.Build.0 = Release|Win32
		{0BAAB407-C8CC-4146-AA9E-8DEBDBC4C9FF}.Debug|x64.ActiveCfg = Debug|x64
		{0BAAB407-C8CC-4146-AA9E-8DEBDBC4C9FF}.Debug|x64.Build.0 = Debug|x64
		{0BAAB407-C8CC-4146-AA9E-8DEBDBC4C9FF}.Debug|x86.ActiveCfg = Debug|Win32
		{0BAAB407-C8CC-4146-AA9E-8DEBDBC4C9FF}.Debug|x86.Build.0 = Debug|Win32
		{0BAAB407-C8CC-4146-AA9E-8DEBDBC4C9FF}.Release|x64.ActiveCfg = Release|x64
		{0BAAB407-C8CC-4146-AA9E-8DEBDBC4C9FF}.Release|x64.Build.0 = Release|x64
		{0BAAB407-C8CC-4146-AA9E-8DEBDBC4C9FF}.Release|x86.ActiveCfg = Release|Win32
		{0BAAB407-C8CC-4146-AA9E-8DEBDBC4C9FF}.Release|x86.Build.0 = Release|Win32
		{D5E93356-5252-4A45-AAE4-1916C36BCA20}.Debug|x64.ActiveCfg = Debug|x64
		{D5E93356-5252-4A45-AAE4-1916C36BCA20}.Debug|x64.Build.0 = Debug|x64
		{D5E93356-5252-4A45-AAE4-1916C36BCA20}.Debug|x86.ActiveCfg = Debug|Win32
		{D5E93356-5252-4A45-AAE4-1916C36BCA20}.Debug|x86.Build.0 = Debug|Win32
		{D5E93356-5252-4A45-AAE4-1916C36BCA20}.Release|x64.ActiveCfg = Release|x64
		{D5E93356-5252-4A45-AAE4-1916C36BCA20}.Release|x64.Build.0 = Release|x64
		{D5E93356-5252-4A45-AAE4-1916C36BCA20}.Release|x86.ActiveCfg = Release|Win32
		{D5E93356-5252-4A45-AAE4-1916C36BCA20}.Release|x86.Build.0 = Release|Win32
	EndGlobalSection
	GlobalSection(SolutionProperties) = preSolution
		HideSolutionNode = FALSE
	EndGlobalSection
	GlobalSection(ExtensibilityGlobals) = postSolution
		SolutionGuid = {FA13965C-16B2-40F9-A980-93F59C5654B7}
	EndGlobalSection
EndGlobal
